
Microsoft Visual Studio Solution File, Format Version 12.00
# Visual Studio Version 17
VisualStudioVersion = 17.0.31903.59
MinimumVisualStudioVersion = 10.0.40219.1
Project("{2150E333-8FDC-42A3-9474-1A3956D46DE8}") = "src", "src", "{827E0CD3-B72D-47B6-A68D-7590B98EB39B}"
EndProject
Project("{FAE04EC0-301F-11D3-BF4B-00C04F79EFBC}") = "PaymentCore.Domain", "src\PaymentCore.Domain\PaymentCore.Domain.csproj", "{CBBBCECC-6B7F-4EDF-9F88-EFCBB0E0D4F0}"
EndProject
Project("{FAE04EC0-301F-11D3-BF4B-00C04F79EFBC}") = "PaymentCore.Application", "src\PaymentCore.Application\PaymentCore.Application.csproj", "{084399CB-4BDB-4C3D-9D45-640765ACBF76}"
EndProject
Project("{FAE04EC0-301F-11D3-BF4B-00C04F79EFBC}") = "PaymentCore.Infrastructure", "src\PaymentCore.Infrastructure\PaymentCore.Infrastructure.csproj", "{336825A9-AC67-4CC0-AF27-D583EF3C5C0D}"
EndProject
Project("{FAE04EC0-301F-11D3-BF4B-00C04F79EFBC}") = "PaymentCore.API", "src\PaymentCore.API\PaymentCore.API.csproj", "{827C92D1-4584-49EF-B024-6F0EB680B161}"
EndProject
Project("{2150E333-8FDC-42A3-9474-1A3956D46DE8}") = "tests", "tests", "{0AB3BF05-4346-4AA6-1389-037BE0695223}"
EndProject
Project("{FAE04EC0-301F-11D3-BF4B-00C04F79EFBC}") = "PaymentCore.UnitTests", "tests\PaymentCore.UnitTests\PaymentCore.UnitTests.csproj", "{EFC5F37A-573A-4847-B368-41ECDFC4EB50}"
EndProject
Project("{FAE04EC0-301F-11D3-BF4B-00C04F79EFBC}") = "PaymentCore.IntegrationTests", "tests\PaymentCore.IntegrationTests\PaymentCore.IntegrationTests.csproj", "{6465E9C1-184B-4FB6-9714-3D2F4A2D7CB5}"
EndProject
Global
	GlobalSection(SolutionConfigurationPlatforms) = preSolution
		Debug|Any CPU = Debug|Any CPU
		Debug|x64 = Debug|x64
		Debug|x86 = Debug|x86
		Release|Any CPU = Release|Any CPU
		Release|x64 = Release|x64
		Release|x86 = Release|x86
	EndGlobalSection
	GlobalSection(ProjectConfigurationPlatforms) = postSolution
		{CBBBCECC-6B7F-4EDF-9F88-EFCBB0E0D4F0}.Debug|Any CPU.ActiveCfg = Debug|Any CPU
		{CBBBCECC-6B7F-4EDF-9F88-EFCBB0E0D4F0}.Debug|Any CPU.Build.0 = Debug|Any CPU
		{CBBBCECC-6B7F-4EDF-9F88-EFCBB0E0D4F0}.Debug|x64.ActiveCfg = Debug|Any CPU
		{CBBBCECC-6B7F-4EDF-9F88-EFCBB0E0D4F0}.Debug|x64.Build.0 = Debug|Any CPU
		{CBBBCECC-6B7F-4EDF-9F88-EFCBB0E0D4F0}.Debug|x86.ActiveCfg = Debug|Any CPU
		{CBBBCECC-6B7F-4EDF-9F88-EFCBB0E0D4F0}.Debug|x86.Build.0 = Debug|Any CPU
		{CBBBCECC-6B7F-4EDF-9F88-EFCBB0E0D4F0}.Release|Any CPU.ActiveCfg = Release|Any CPU
		{CBBBCECC-6B7F-4EDF-9F88-EFCBB0E0D4F0}.Release|Any CPU.Build.0 = Release|Any CPU
		{CBBBCECC-6B7F-4EDF-9F88-EFCBB0E0D4F0}.Release|x64.ActiveCfg = Release|Any CPU
		{CBBBCECC-6B7F-4EDF-9F88-EFCBB0E0D4F0}.Release|x64.Build.0 = Release|Any CPU
		{CBBBCECC-6B7F-4EDF-9F88-EFCBB0E0D4F0}.Release|x86.ActiveCfg = Release|Any CPU
		{CBBBCECC-6B7F-4EDF-9F88-EFCBB0E0D4F0}.Release|x86.Build.0 = Release|Any CPU
		{084399CB-4BDB-4C3D-9D45-640765ACBF76}.Debug|Any CPU.ActiveCfg = Debug|Any CPU
		{084399CB-4BDB-4C3D-9D45-640765ACBF76}.Debug|Any CPU.Build.0 = Debug|Any CPU
		{084399CB-4BDB-4C3D-9D45-640765ACBF76}.Debug|x64.ActiveCfg = Debug|Any CPU
		{084399CB-4BDB-4C3D-9D45-640765ACBF76}.Debug|x64.Build.0 = Debug|Any CPU
		{084399CB-4BDB-4C3D-9D45-640765ACBF76}.Debug|x86.ActiveCfg = Debug|Any CPU
		{084399CB-4BDB-4C3D-9D45-640765ACBF76}.Debug|x86.Build.0 = Debug|Any CPU
		{084399CB-4BDB-4C3D-9D45-640765ACBF76}.Release|Any CPU.ActiveCfg = Release|Any CPU
		{084399CB-4BDB-4C3D-9D45-640765ACBF76}.Release|Any CPU.Build.0 = Release|Any CPU
		{084399CB-4BDB-4C3D-9D45-640765ACBF76}.Release|x64.ActiveCfg = Release|Any CPU
		{084399CB-4BDB-4C3D-9D45-640765ACBF76}.Release|x64.Build.0 = Release|Any CPU
		{084399CB-4BDB-4C3D-9D45-640765ACBF76}.Release|x86.ActiveCfg = Release|Any CPU
		{084399CB-4BDB-4C3D-9D45-640765ACBF76}.Release|x86.Build.0 = Release|Any CPU
		{336825A9-AC67-4CC0-AF27-D583EF3C5C0D}.Debug|Any CPU.ActiveCfg = Debug|Any CPU
		{336825A9-AC67-4CC0-AF27-D583EF3C5C0D}.Debug|Any CPU.Build.0 = Debug|Any CPU
		{336825A9-AC67-4CC0-AF27-D583EF3C5C0D}.Debug|x64.ActiveCfg = Debug|Any CPU
		{336825A9-AC67-4CC0-AF27-D583EF3C5C0D}.Debug|x64.Build.0 = Debug|Any CPU
		{336825A9-AC67-4CC0-AF27-D583EF3C5C0D}.Debug|x86.ActiveCfg = Debug|Any CPU
		{336825A9-AC67-4CC0-AF27-D583EF3C5C0D}.Debug|x86.Build.0 = Debug|Any CPU
		{336825A9-AC67-4CC0-AF27-D583EF3C5C0D}.Release|Any CPU.ActiveCfg = Release|Any CPU
		{336825A9-AC67-4CC0-AF27-D583EF3C5C0D}.Release|Any CPU.Build.0 = Release|Any CPU
		{336825A9-AC67-4CC0-AF27-D583EF3C5C0D}.Release|x64.ActiveCfg = Release|Any CPU
		{336825A9-AC67-4CC0-AF27-D583EF3C5C0D}.Release|x64.Build.0 = Release|Any CPU
		{336825A9-AC67-4CC0-AF27-D583EF3C5C0D}.Release|x86.ActiveCfg = Release|Any CPU
		{336825A9-AC67-4CC0-AF27-D583EF3C5C0D}.Release|x86.Build.0 = Release|Any CPU
		{827C92D1-4584-49EF-B024-6F0EB680B161}.Debug|Any CPU.ActiveCfg = Debug|Any CPU
		{827C92D1-4584-49EF-B024-6F0EB680B161}.Debug|Any CPU.Build.0 = Debug|Any CPU
		{827C92D1-4584-49EF-B024-6F0EB680B161}.Debug|x64.ActiveCfg = Debug|Any CPU
		{827C92D1-4584-49EF-B024-6F0EB680B161}.Debug|x64.Build.0 = Debug|Any CPU
		{827C92D1-4584-49EF-B024-6F0EB680B161}.Debug|x86.ActiveCfg = Debug|Any CPU
		{827C92D1-4584-49EF-B024-6F0EB680B161}.Debug|x86.Build.0 = Debug|Any CPU
		{827C92D1-4584-49EF-B024-6F0EB680B161}.Release|Any CPU.ActiveCfg = Release|Any CPU
		{827C92D1-4584-49EF-B024-6F0EB680B161}.Release|Any CPU.Build.0 = Release|Any CPU
		{827C92D1-4584-49EF-B024-6F0EB680B161}.Release|x64.ActiveCfg = Release|Any CPU
		{827C92D1-4584-49EF-B024-6F0EB680B161}.Release|x64.Build.0 = Release|Any CPU
		{827C92D1-4584-49EF-B024-6F0EB680B161}.Release|x86.ActiveCfg = Release|Any CPU
		{827C92D1-4584-49EF-B024-6F0EB680B161}.Release|x86.Build.0 = Release|Any CPU
		{EFC5F37A-573A-4847-B368-41ECDFC4EB50}.Debug|Any CPU.ActiveCfg = Debug|Any CPU
		{EFC5F37A-573A-4847-B368-41ECDFC4EB50}.Debug|Any CPU.Build.0 = Debug|Any CPU
		{EFC5F37A-573A-4847-B368-41ECDFC4EB50}.Debug|x64.ActiveCfg = Debug|Any CPU
		{EFC5F37A-573A-4847-B368-41ECDFC4EB50}.Debug|x64.Build.0 = Debug|Any CPU
		{EFC5F37A-573A-4847-B368-41ECDFC4EB50}.Debug|x86.ActiveCfg = Debug|Any CPU
		{EFC5F37A-573A-4847-B368-41ECDFC4EB50}.Debug|x86.Build.0 = Debug|Any CPU
		{EFC5F37A-573A-4847-B368-41ECDFC4EB50}.Release|Any CPU.ActiveCfg = Release|Any CPU
		{EFC5F37A-573A-4847-B368-41ECDFC4EB50}.Release|Any CPU.Build.0 = Release|Any CPU
		{EFC5F37A-573A-4847-B368-41ECDFC4EB50}.Release|x64.ActiveCfg = Release|Any CPU
		{EFC5F37A-573A-4847-B368-41ECDFC4EB50}.Release|x64.Build.0 = Release|Any CPU
		{EFC5F37A-573A-4847-B368-41ECDFC4EB50}.Release|x86.ActiveCfg = Release|Any CPU
		{EFC5F37A-573A-4847-B368-41ECDFC4EB50}.Release|x86.Build.0 = Release|Any CPU
		{6465E9C1-184B-4FB6-9714-3D2F4A2D7CB5}.Debug|Any CPU.ActiveCfg = Debug|Any CPU
		{6465E9C1-184B-4FB6-9714-3D2F4A2D7CB5}.Debug|Any CPU.Build.0 = Debug|Any CPU
		{6465E9C1-184B-4FB6-9714-3D2F4A2D7CB5}.Debug|x64.ActiveCfg = Debug|Any CPU
		{6465E9C1-184B-4FB6-9714-3D2F4A2D7CB5}.Debug|x64.Build.0 = Debug|Any CPU
		{6465E9C1-184B-4FB6-9714-3D2F4A2D7CB5}.Debug|x86.ActiveCfg = Debug|Any CPU
		{6465E9C1-184B-4FB6-9714-3D2F4A2D7CB5}.Debug|x86.Build.0 = Debug|Any CPU
		{6465E9C1-184B-4FB6-9714-3D2F4A2D7CB5}.Release|Any CPU.ActiveCfg = Release|Any CPU
		{6465E9C1-184B-4FB6-9714-3D2F4A2D7CB5}.Release|Any CPU.Build.0 = Release|Any CPU
		{6465E9C1-184B-4FB6-9714-3D2F4A2D7CB5}.Release|x64.ActiveCfg = Release|Any CPU
		{6465E9C1-184B-4FB6-9714-3D2F4A2D7CB5}.Release|x64.Build.0 = Release|Any CPU
		{6465E9C1-184B-4FB6-9714-3D2F4A2D7CB5}.Release|x86.ActiveCfg = Release|Any CPU
		{6465E9C1-184B-4FB6-9714-3D2F4A2D7CB5}.Release|x86.Build.0 = Release|Any CPU
	EndGlobalSection
	GlobalSection(SolutionProperties) = preSolution
		HideSolutionNode = FALSE
	EndGlobalSection
	GlobalSection(NestedProjects) = preSolution
		{CBBBCECC-6B7F-4EDF-9F88-EFCBB0E0D4F0} = {827E0CD3-B72D-47B6-A68D-7590B98EB39B}
		{084399CB-4BDB-4C3D-9D45-640765ACBF76} = {827E0CD3-B72D-47B6-A68D-7590B98EB39B}
		{336825A9-AC67-4CC0-AF27-D583EF3C5C0D} = {827E0CD3-B72D-47B6-A68D-7590B98EB39B}
		{827C92D1-4584-49EF-B024-6F0EB680B161} = {827E0CD3-B72D-47B6-A68D-7590B98EB39B}
		{EFC5F37A-573A-4847-B368-41ECDFC4EB50} = {0AB3BF05-4346-4AA6-1389-037BE0695223}
		{6465E9C1-184B-4FB6-9714-3D2F4A2D7CB5} = {0AB3BF05-4346-4AA6-1389-037BE0695223}
	EndGlobalSection
EndGlobal
